
Microsoft Visual Studio Solution File, Format Version 12.00
# Visual Studio Version 17
VisualStudioVersion = 17.1.32328.378
MinimumVisualStudioVersion = 10.0.40219.1
Project("{FAE04EC0-301F-11D3-BF4B-00C04F79EFBC}") = "Chatroom.WebAPI", "Chatroom.WebAPI\Chatroom.WebAPI.csproj", "{68C1A502-66D0-41E1-93B7-328427D9A3E4}"
EndProject
Project("{FAE04EC0-301F-11D3-BF4B-00C04F79EFBC}") = "Chatroom.Utilities", "Chatroom.Utilities\Chatroom.Utilities.csproj", "{BC61BB10-3B1A-4C1B-8684-5A7B621CD9F3}"
EndProject
Project("{FAE04EC0-301F-11D3-BF4B-00C04F79EFBC}") = "Chatroom.Repositories", "Chatroom.Repositories\Chatroom.Repositories.csproj", "{A5F528B5-8B88-4DE6-933C-9620458E9CAD}"
EndProject
Global
	GlobalSection(SolutionConfigurationPlatforms) = preSolution
		Debug|Any CPU = Debug|Any CPU
		Release|Any CPU = Release|Any CPU
	EndGlobalSection
	GlobalSection(ProjectConfigurationPlatforms) = postSolution
		{68C1A502-66D0-41E1-93B7-328427D9A3E4}.Debug|Any CPU.ActiveCfg = Debug|Any CPU
		{68C1A502-66D0-41E1-93B7-328427D9A3E4}.Debug|Any CPU.Build.0 = Debug|Any CPU
		{68C1A502-66D0-41E1-93B7-328427D9A3E4}.Release|Any CPU.ActiveCfg = Release|Any CPU
		{68C1A502-66D0-41E1-93B7-328427D9A3E4}.Release|Any CPU.Build.0 = Release|Any CPU
		{BC61BB10-3B1A-4C1B-8684-5A7B621CD9F3}.Debug|Any CPU.ActiveCfg = Debug|Any CPU
		{BC61BB10-3B1A-4C1B-8684-5A7B621CD9F3}.Debug|Any CPU.Build.0 = Debug|Any CPU
		{BC61BB10-3B1A-4C1B-8684-5A7B621CD9F3}.Release|Any CPU.ActiveCfg = Release|Any CPU
		{BC61BB10-3B1A-4C1B-8684-5A7B621CD9F3}.Release|Any CPU.Build.0 = Release|Any CPU
		{A5F528B5-8B88-4DE6-933C-9620458E9CAD}.Debug|Any CPU.ActiveCfg = Debug|Any CPU
		{A5F528B5-8B88-4DE6-933C-9620458E9CAD}.Debug|Any CPU.Build.0 = Debug|Any CPU
		{A5F528B5-8B88-4DE6-933C-9620458E9CAD}.Release|Any CPU.ActiveCfg = Release|Any CPU
		{A5F528B5-8B88-4DE6-933C-9620458E9CAD}.Release|Any CPU.Build.0 = Release|Any CPU
	EndGlobalSection
	GlobalSection(SolutionProperties) = preSolution
		HideSolutionNode = FALSE
	EndGlobalSection
	GlobalSection(ExtensibilityGlobals) = postSolution
		SolutionGuid = {1517631C-9C44-4992-8FD8-4F771D47BDDD}
	EndGlobalSection
EndGlobal
